<?xml version="1.0" encoding="utf-8"?>
<Project ToolsVersion="17.0" xmlns="http://schemas.microsoft.com/developer/msbuild/2003">
  <ItemGroup>
    <ClCompile Include="C:\Users\pedro\Documents\GitHub\FORGE_Dependencies\Ogre\src\pugixml-1.13\src\pugixml.cpp">
      <Filter>Source Files</Filter>
    </ClCompile>
  </ItemGroup>
  <ItemGroup>
    <CustomBuild Include="C:\Users\pedro\Documents\GitHub\FORGE_Dependencies\Ogre\src\pugixml-1.13\CMakeLists.txt" />
  </ItemGroup>
  <ItemGroup>
    <Filter Include="Source Files">
      <UniqueIdentifier>{EA8F08D0-3BD4-3EAD-97F5-8FB332885EBB}</UniqueIdentifier>
    </Filter>
  </ItemGroup>
</Project>
