
Microsoft Visual Studio Solution File, Format Version 12.00
# Visual Studio Version 17
Project("{8BC9CEB8-8B4A-11D0-8D11-00A0C91BC942}") = "ALL_BUILD", "ALL_BUILD.vcxproj", "{57AB7A05-13BA-3808-AADC-B348178E366B}"
	ProjectSection(ProjectDependencies) = postProject
		{1A2E3BB0-5C5A-3175-9ACE-86205B58CE25} = {1A2E3BB0-5C5A-3175-9ACE-86205B58CE25}
		{B0AE36C5-6466-36EC-86FD-02BCBFDFA7C4} = {B0AE36C5-6466-36EC-86FD-02BCBFDFA7C4}
	EndProjectSection
EndProject
Project("{8BC9CEB8-8B4A-11D0-8D11-00A0C91BC942}") = "INSTALL", "INSTALL.vcxproj", "{F25887B1-9BF9-3033-9DAB-8143F59347A6}"
	ProjectSection(ProjectDependencies) = postProject
		{57AB7A05-13BA-3808-AADC-B348178E366B} = {57AB7A05-13BA-3808-AADC-B348178E366B}
		{1A2E3BB0-5C5A-3175-9ACE-86205B58CE25} = {1A2E3BB0-5C5A-3175-9ACE-86205B58CE25}
	EndProjectSection
EndProject
Project("{8BC9CEB8-8B4A-11D0-8D11-00A0C91BC942}") = "ZERO_CHECK", "..\..\\ZERO_CHECK.vcxproj", "{1A2E3BB0-5C5A-3175-9ACE-86205B58CE25}"
	ProjectSection(ProjectDependencies) = postProject
	EndProjectSection
EndProject
Project("{8BC9CEB8-8B4A-11D0-8D11-00A0C91BC942}") = "zlibstatic", "zlibstatic.vcxproj", "{B0AE36C5-6466-36EC-86FD-02BCBFDFA7C4}"
	ProjectSection(ProjectDependencies) = postProject
		{1A2E3BB0-5C5A-3175-9ACE-86205B58CE25} = {1A2E3BB0-5C5A-3175-9ACE-86205B58CE25}
	EndProjectSection
EndProject
Global
	GlobalSection(SolutionConfigurationPlatforms) = preSolution
		Debug|x64 = Debug|x64
		Release|x64 = Release|x64
		MinSizeRel|x64 = MinSizeRel|x64
		RelWithDebInfo|x64 = RelWithDebInfo|x64
	EndGlobalSection
	GlobalSection(ProjectConfigurationPlatforms) = postSolution
		{57AB7A05-13BA-3808-AADC-B348178E366B}.Debug|x64.ActiveCfg = Debug|x64
		{57AB7A05-13BA-3808-AADC-B348178E366B}.Debug|x64.Build.0 = Debug|x64
		{57AB7A05-13BA-3808-AADC-B348178E366B}.Release|x64.ActiveCfg = Release|x64
		{57AB7A05-13BA-3808-AADC-B348178E366B}.Release|x64.Build.0 = Release|x64
		{57AB7A05-13BA-3808-AADC-B348178E366B}.MinSizeRel|x64.ActiveCfg = MinSizeRel|x64
		{57AB7A05-13BA-3808-AADC-B348178E366B}.MinSizeRel|x64.Build.0 = MinSizeRel|x64
		{57AB7A05-13BA-3808-AADC-B348178E366B}.RelWithDebInfo|x64.ActiveCfg = RelWithDebInfo|x64
		{57AB7A05-13BA-3808-AADC-B348178E366B}.RelWithDebInfo|x64.Build.0 = RelWithDebInfo|x64
		{F25887B1-9BF9-3033-9DAB-8143F59347A6}.Debug|x64.ActiveCfg = Debug|x64
		{F25887B1-9BF9-3033-9DAB-8143F59347A6}.Release|x64.ActiveCfg = Release|x64
		{F25887B1-9BF9-3033-9DAB-8143F59347A6}.MinSizeRel|x64.ActiveCfg = MinSizeRel|x64
		{F25887B1-9BF9-3033-9DAB-8143F59347A6}.RelWithDebInfo|x64.ActiveCfg = RelWithDebInfo|x64
		{1A2E3BB0-5C5A-3175-9ACE-86205B58CE25}.Debug|x64.ActiveCfg = Debug|x64
		{1A2E3BB0-5C5A-3175-9ACE-86205B58CE25}.Debug|x64.Build.0 = Debug|x64
		{1A2E3BB0-5C5A-3175-9ACE-86205B58CE25}.Release|x64.ActiveCfg = Release|x64
		{1A2E3BB0-5C5A-3175-9ACE-86205B58CE25}.Release|x64.Build.0 = Release|x64
		{1A2E3BB0-5C5A-3175-9ACE-86205B58CE25}.MinSizeRel|x64.ActiveCfg = MinSizeRel|x64
		{1A2E3BB0-5C5A-3175-9ACE-86205B58CE25}.MinSizeRel|x64.Build.0 = MinSizeRel|x64
		{1A2E3BB0-5C5A-3175-9ACE-86205B58CE25}.RelWithDebInfo|x64.ActiveCfg = RelWithDebInfo|x64
		{1A2E3BB0-5C5A-3175-9ACE-86205B58CE25}.RelWithDebInfo|x64.Build.0 = RelWithDebInfo|x64
		{B0AE36C5-6466-36EC-86FD-02BCBFDFA7C4}.Debug|x64.ActiveCfg = Debug|x64
		{B0AE36C5-6466-36EC-86FD-02BCBFDFA7C4}.Debug|x64.Build.0 = Debug|x64
		{B0AE36C5-6466-36EC-86FD-02BCBFDFA7C4}.Release|x64.ActiveCfg = Release|x64
		{B0AE36C5-6466-36EC-86FD-02BCBFDFA7C4}.Release|x64.Build.0 = Release|x64
		{B0AE36C5-6466-36EC-86FD-02BCBFDFA7C4}.MinSizeRel|x64.ActiveCfg = MinSizeRel|x64
		{B0AE36C5-6466-36EC-86FD-02BCBFDFA7C4}.MinSizeRel|x64.Build.0 = MinSizeRel|x64
		{B0AE36C5-6466-36EC-86FD-02BCBFDFA7C4}.RelWithDebInfo|x64.ActiveCfg = RelWithDebInfo|x64
		{B0AE36C5-6466-36EC-86FD-02BCBFDFA7C4}.RelWithDebInfo|x64.Build.0 = RelWithDebInfo|x64
	EndGlobalSection
	GlobalSection(ExtensibilityGlobals) = postSolution
		SolutionGuid = {452C6827-C571-36CD-8963-231825D0A9E2}
	EndGlobalSection
	GlobalSection(ExtensibilityAddIns) = postSolution
	EndGlobalSection
EndGlobal
